
Microsoft Visual Studio Solution File, Format Version 12.00
# Visual Studio Version 17
VisualStudioVersion = 17.7.34031.279
MinimumVisualStudioVersion = 10.0.40219.1
Project("{8BC9CEB8-8B4A-11D0-8D11-00A0C91BC942}") = "Project4", "Project4.vcxproj", "{1E7F1870-72D6-4B32-9B10-6777BA4BA5EA}"
EndProject
Global
	GlobalSection(SolutionConfigurationPlatforms) = preSolution
		Debug|x64 = Debug|x64
		Debug|x86 = Debug|x86
		Release|x64 = Release|x64
		Release|x86 = Release|x86
	EndGlobalSection
	GlobalSection(ProjectConfigurationPlatforms) = postSolution
		{1E7F1870-72D6-4B32-9B10-6777BA4BA5EA}.Debug|x64.ActiveCfg = Debug|x64
		{1E7F1870-72D6-4B32-9B10-6777BA4BA5EA}.Debug|x64.Build.0 = Debug|x64
		{1E7F1870-72D6-4B32-9B10-6777BA4BA5EA}.Debug|x86.ActiveCfg = Debug|Win32
		{1E7F1870-72D6-4B32-9B10-6777BA4BA5EA}.Debug|x86.Build.0 = Debug|Win32
		{1E7F1870-72D6-4B32-9B10-6777BA4BA5EA}.Release|x64.ActiveCfg = Release|x64
		{1E7F1870-72D6-4B32-9B10-6777BA4BA5EA}.Release|x64.Build.0 = Release|x64
		{1E7F1870-72D6-4B32-9B10-6777BA4BA5EA}.Release|x86.ActiveCfg = Release|Win32
		{1E7F1870-72D6-4B32-9B10-6777BA4BA5EA}.Release|x86.Build.0 = Release|Win32
	EndGlobalSection
	GlobalSection(SolutionProperties) = preSolution
		HideSolutionNode = FALSE
	EndGlobalSection
	GlobalSection(ExtensibilityGlobals) = postSolution
		SolutionGuid = {CE515ADD-42A4-4BE5-A201-85E8AE55EBFB}
	EndGlobalSection
EndGlobal
